
Microsoft Visual Studio Solution File, Format Version 12.00
# Visual Studio 15
VisualStudioVersion = 15.0.28307.168
MinimumVisualStudioVersion = 10.0.40219.1
Project("{FAE04EC0-301F-11D3-BF4B-00C04F79EFBC}") = "final", "final\final.csproj", "{7C99BB31-9081-41B4-BF0C-F2F3DC6AC508}"
EndProject
Global
	GlobalSection(SolutionConfigurationPlatforms) = preSolution
		Debug|Any CPU = Debug|Any CPU
		Release|Any CPU = Release|Any CPU
	EndGlobalSection
	GlobalSection(ProjectConfigurationPlatforms) = postSolution
		{7C99BB31-9081-41B4-BF0C-F2F3DC6AC508}.Debug|Any CPU.ActiveCfg = Debug|Any CPU
		{7C99BB31-9081-41B4-BF0C-F2F3DC6AC508}.Debug|Any CPU.Build.0 = Debug|Any CPU
		{7C99BB31-9081-41B4-BF0C-F2F3DC6AC508}.Release|Any CPU.ActiveCfg = Release|Any CPU
		{7C99BB31-9081-41B4-BF0C-F2F3DC6AC508}.Release|Any CPU.Build.0 = Release|Any CPU
	EndGlobalSection
	GlobalSection(SolutionProperties) = preSolution
		HideSolutionNode = FALSE
	EndGlobalSection
	GlobalSection(ExtensibilityGlobals) = postSolution
		SolutionGuid = {B83CE13F-22E9-4F75-B598-925E524A0C0F}
	EndGlobalSection
EndGlobal
